
Microsoft Visual Studio Solution File, Format Version 12.00
# Visual Studio Version 17
VisualStudioVersion = 17.14.36414.22
MinimumVisualStudioVersion = 10.0.40219.1
Project("{FAE04EC0-301F-11D3-BF4B-00C04F79EFBC}") = "ConsoleApp1", "ConsoleApp1\ConsoleApp1.csproj", "{CCBFD337-FCED-4BDC-B49E-B578FB4E7397}"
EndProject
Project("{FAE04EC0-301F-11D3-BF4B-00C04F79EFBC}") = "Geometry", "Geometry\Geometry.csproj", "{1B6E8508-33B4-4BC3-8E9B-282DE41CE2B9}"
EndProject
Global
	GlobalSection(SolutionConfigurationPlatforms) = preSolution
		Debug|Any CPU = Debug|Any CPU
		Release|Any CPU = Release|Any CPU
	EndGlobalSection
	GlobalSection(ProjectConfigurationPlatforms) = postSolution
		{CCBFD337-FCED-4BDC-B49E-B578FB4E7397}.Debug|Any CPU.ActiveCfg = Debug|Any CPU
		{CCBFD337-FCED-4BDC-B49E-B578FB4E7397}.Debug|Any CPU.Build.0 = Debug|Any CPU
		{CCBFD337-FCED-4BDC-B49E-B578FB4E7397}.Release|Any CPU.ActiveCfg = Release|Any CPU
		{CCBFD337-FCED-4BDC-B49E-B578FB4E7397}.Release|Any CPU.Build.0 = Release|Any CPU
		{1B6E8508-33B4-4BC3-8E9B-282DE41CE2B9}.Debug|Any CPU.ActiveCfg = Debug|Any CPU
		{1B6E8508-33B4-4BC3-8E9B-282DE41CE2B9}.Debug|Any CPU.Build.0 = Debug|Any CPU
		{1B6E8508-33B4-4BC3-8E9B-282DE41CE2B9}.Release|Any CPU.ActiveCfg = Release|Any CPU
		{1B6E8508-33B4-4BC3-8E9B-282DE41CE2B9}.Release|Any CPU.Build.0 = Release|Any CPU
	EndGlobalSection
	GlobalSection(SolutionProperties) = preSolution
		HideSolutionNode = FALSE
	EndGlobalSection
	GlobalSection(ExtensibilityGlobals) = postSolution
		SolutionGuid = {4D5FCF77-C3A3-49C3-930E-87850A3CD3CD}
	EndGlobalSection
EndGlobal
